
Microsoft Visual Studio Solution File, Format Version 12.00
# Visual Studio Version 16
VisualStudioVersion = 16.0.29102.190
MinimumVisualStudioVersion = 10.0.40219.1
Project("{FAE04EC0-301F-11D3-BF4B-00C04F79EFBC}") = "Chupalo", "Chupalo.csproj", "{B27325C9-742A-4718-9ADD-EE96484D0C1B}"
EndProject
Global
	GlobalSection(SolutionConfigurationPlatforms) = preSolution
		Debug|Any CPU = Debug|Any CPU
		Release|Any CPU = Release|Any CPU
	EndGlobalSection
	GlobalSection(ProjectConfigurationPlatforms) = postSolution
		{B27325C9-742A-4718-9ADD-EE96484D0C1B}.Debug|Any CPU.ActiveCfg = Debug|Any CPU
		{B27325C9-742A-4718-9ADD-EE96484D0C1B}.Debug|Any CPU.Build.0 = Debug|Any CPU
		{B27325C9-742A-4718-9ADD-EE96484D0C1B}.Release|Any CPU.ActiveCfg = Release|Any CPU
		{B27325C9-742A-4718-9ADD-EE96484D0C1B}.Release|Any CPU.Build.0 = Release|Any CPU
	EndGlobalSection
	GlobalSection(SolutionProperties) = preSolution
		HideSolutionNode = FALSE
	EndGlobalSection
	GlobalSection(ExtensibilityGlobals) = postSolution
		SolutionGuid = {D3A18D6B-0427-42A1-A309-A2525E9DACB1}
	EndGlobalSection
EndGlobal
